
Microsoft Visual Studio Solution File, Format Version 12.00
# Visual Studio Version 17
VisualStudioVersion = 17.8.34330.188
MinimumVisualStudioVersion = 10.0.40219.1
Project("{2150E333-8FDC-42A3-9474-1A3956D46DE8}") = "src", "src", "{95E4BB44-70D2-44EB-884B-3E9DB801A1F9}"
EndProject
Project("{2150E333-8FDC-42A3-9474-1A3956D46DE8}") = "tests", "tests", "{0B8A7DB0-D3D0-4771-A393-67C622A2E34B}"
EndProject
Project("{2150E333-8FDC-42A3-9474-1A3956D46DE8}") = "sample", "sample", "{97400C86-B942-4166-8326-F9E821B64339}"
EndProject
Project("{2150E333-8FDC-42A3-9474-1A3956D46DE8}") = "1.Utilities", "1.Utilities", "{07D41663-85D8-40C9-99BA-D32F8432E317}"
EndProject
Project("{2150E333-8FDC-42A3-9474-1A3956D46DE8}") = "2.Core", "2.Core", "{23BE5693-4E06-4BC3-A452-A55C5B04A2B4}"
EndProject
Project("{2150E333-8FDC-42A3-9474-1A3956D46DE8}") = "3.Infrastructure", "3.Infrastructure", "{1E3412C0-280E-4C46-8FD7-80349204F80F}"
EndProject
Project("{2150E333-8FDC-42A3-9474-1A3956D46DE8}") = "4.Endpoints", "4.Endpoints", "{0C3D63E4-1255-4272-9E3E-C62899A17350}"
EndProject
Project("{FAE04EC0-301F-11D3-BF4B-00C04F79EFBC}") = "Framework.Utilities", "src\1.Utilities\Framework.Utilities\Framework.Utilities.csproj", "{658A765E-1E81-479E-8043-1C1E7E0A90A9}"
EndProject
Global
	GlobalSection(SolutionConfigurationPlatforms) = preSolution
		Debug|Any CPU = Debug|Any CPU
		Release|Any CPU = Release|Any CPU
	EndGlobalSection
	GlobalSection(ProjectConfigurationPlatforms) = postSolution
		{658A765E-1E81-479E-8043-1C1E7E0A90A9}.Debug|Any CPU.ActiveCfg = Debug|Any CPU
		{658A765E-1E81-479E-8043-1C1E7E0A90A9}.Debug|Any CPU.Build.0 = Debug|Any CPU
		{658A765E-1E81-479E-8043-1C1E7E0A90A9}.Release|Any CPU.ActiveCfg = Release|Any CPU
		{658A765E-1E81-479E-8043-1C1E7E0A90A9}.Release|Any CPU.Build.0 = Release|Any CPU
	EndGlobalSection
	GlobalSection(SolutionProperties) = preSolution
		HideSolutionNode = FALSE
	EndGlobalSection
	GlobalSection(NestedProjects) = preSolution
		{07D41663-85D8-40C9-99BA-D32F8432E317} = {95E4BB44-70D2-44EB-884B-3E9DB801A1F9}
		{23BE5693-4E06-4BC3-A452-A55C5B04A2B4} = {95E4BB44-70D2-44EB-884B-3E9DB801A1F9}
		{1E3412C0-280E-4C46-8FD7-80349204F80F} = {95E4BB44-70D2-44EB-884B-3E9DB801A1F9}
		{0C3D63E4-1255-4272-9E3E-C62899A17350} = {95E4BB44-70D2-44EB-884B-3E9DB801A1F9}
		{658A765E-1E81-479E-8043-1C1E7E0A90A9} = {07D41663-85D8-40C9-99BA-D32F8432E317}
	EndGlobalSection
	GlobalSection(ExtensibilityGlobals) = postSolution
		SolutionGuid = {D3122E5D-2CC6-4711-AE04-E59ACBD4C6B9}
	EndGlobalSection
EndGlobal
